
Microsoft Visual Studio Solution File, Format Version 12.00
# Visual Studio Version 17
VisualStudioVersion = 17.0.31903.59
MinimumVisualStudioVersion = 10.0.40219.1
Project("{2150E333-8FDC-42A3-9474-1A3956D46DE8}") = "src", "src", "{827E0CD3-B72D-47B6-A68D-7590B98EB39B}"
EndProject
Project("{2150E333-8FDC-42A3-9474-1A3956D46DE8}") = "Modules", "Modules", "{EC447DCF-ABFA-6E24-52A5-D7FD48A5C558}"
EndProject
Project("{FAE04EC0-301F-11D3-BF4B-00C04F79EFBC}") = "TicketGate.Booking", "src\Modules\TicketGate.Booking\TicketGate.Booking.csproj", "{C55E8E18-FAB6-48D1-870F-B1694F17AFF8}"
EndProject
Project("{FAE04EC0-301F-11D3-BF4B-00C04F79EFBC}") = "TicketGate.Core", "src\TicketGate.Core\TicketGate.Core.csproj", "{ECB7B803-2548-436C-AE2D-61EB20EE8521}"
EndProject
Project("{FAE04EC0-301F-11D3-BF4B-00C04F79EFBC}") = "TicketGate.Event", "src\Modules\TicketGate.Event\TicketGate.Event.csproj", "{1C632848-08B3-482A-9DFC-5267D394D44F}"
EndProject
Project("{FAE04EC0-301F-11D3-BF4B-00C04F79EFBC}") = "TicketGate.Identity", "src\Modules\TicketGate.Identity\TicketGate.Identity.csproj", "{252656B8-6B4C-439A-892B-E698810C53E5}"
EndProject
Project("{FAE04EC0-301F-11D3-BF4B-00C04F79EFBC}") = "TicketGate.Notification", "src\Modules\TicketGate.Notification\TicketGate.Notification.csproj", "{5920B479-9D7A-4712-A7D3-9EFF7FFB47D1}"
EndProject
Project("{FAE04EC0-301F-11D3-BF4B-00C04F79EFBC}") = "TicketGate.Payment", "src\Modules\TicketGate.Payment\TicketGate.Payment.csproj", "{77AF3485-0915-4E1D-9EAE-E4926EBED890}"
EndProject
Project("{FAE04EC0-301F-11D3-BF4B-00C04F79EFBC}") = "TicketGate.API", "src\TicketGate.API\TicketGate.API.csproj", "{C65BE4AF-9B8F-4CD8-AD7F-1189AE6CAFA4}"
EndProject
Project("{2150E333-8FDC-42A3-9474-1A3956D46DE8}") = "tests", "tests", "{0AB3BF05-4346-4AA6-1389-037BE0695223}"
EndProject
Project("{FAE04EC0-301F-11D3-BF4B-00C04F79EFBC}") = "TicketGate.Booking.Tests", "tests\TicketGate.Booking.Tests\TicketGate.Booking.Tests.csproj", "{5121AD74-6401-4393-A8DF-BA37686D5842}"
EndProject
Project("{FAE04EC0-301F-11D3-BF4B-00C04F79EFBC}") = "TicketGate.Event.Tests", "tests\TicketGate.Event.Tests\TicketGate.Event.Tests.csproj", "{8AF05ED2-90C6-4E45-8E90-130B11D4A8B9}"
EndProject
Project("{FAE04EC0-301F-11D3-BF4B-00C04F79EFBC}") = "TicketGate.Identity.Tests", "tests\TicketGate.Identity.Tests\TicketGate.Identity.Tests.csproj", "{A5CC440C-113C-4A8B-8EBD-293379E2BF39}"
EndProject
Project("{FAE04EC0-301F-11D3-BF4B-00C04F79EFBC}") = "TicketGate.Payment.Tests", "tests\TicketGate.Payment.Tests\TicketGate.Payment.Tests.csproj", "{7AF69806-0E69-4B78-BE84-859EB0E5D18E}"
EndProject
Global
	GlobalSection(SolutionConfigurationPlatforms) = preSolution
		Debug|Any CPU = Debug|Any CPU
		Debug|x64 = Debug|x64
		Debug|x86 = Debug|x86
		Release|Any CPU = Release|Any CPU
		Release|x64 = Release|x64
		Release|x86 = Release|x86
	EndGlobalSection
	GlobalSection(ProjectConfigurationPlatforms) = postSolution
		{C55E8E18-FAB6-48D1-870F-B1694F17AFF8}.Debug|Any CPU.ActiveCfg = Debug|Any CPU
		{C55E8E18-FAB6-48D1-870F-B1694F17AFF8}.Debug|Any CPU.Build.0 = Debug|Any CPU
		{C55E8E18-FAB6-48D1-870F-B1694F17AFF8}.Debug|x64.ActiveCfg = Debug|Any CPU
		{C55E8E18-FAB6-48D1-870F-B1694F17AFF8}.Debug|x64.Build.0 = Debug|Any CPU
		{C55E8E18-FAB6-48D1-870F-B1694F17AFF8}.Debug|x86.ActiveCfg = Debug|Any CPU
		{C55E8E18-FAB6-48D1-870F-B1694F17AFF8}.Debug|x86.Build.0 = Debug|Any CPU
		{C55E8E18-FAB6-48D1-870F-B1694F17AFF8}.Release|Any CPU.ActiveCfg = Release|Any CPU
		{C55E8E18-FAB6-48D1-870F-B1694F17AFF8}.Release|Any CPU.Build.0 = Release|Any CPU
		{C55E8E18-FAB6-48D1-870F-B1694F17AFF8}.Release|x64.ActiveCfg = Release|Any CPU
		{C55E8E18-FAB6-48D1-870F-B1694F17AFF8}.Release|x64.Build.0 = Release|Any CPU
		{C55E8E18-FAB6-48D1-870F-B1694F17AFF8}.Release|x86.ActiveCfg = Release|Any CPU
		{C55E8E18-FAB6-48D1-870F-B1694F17AFF8}.Release|x86.Build.0 = Release|Any CPU
		{ECB7B803-2548-436C-AE2D-61EB20EE8521}.Debug|Any CPU.ActiveCfg = Debug|Any CPU
		{ECB7B803-2548-436C-AE2D-61EB20EE8521}.Debug|Any CPU.Build.0 = Debug|Any CPU
		{ECB7B803-2548-436C-AE2D-61EB20EE8521}.Debug|x64.ActiveCfg = Debug|Any CPU
		{ECB7B803-2548-436C-AE2D-61EB20EE8521}.Debug|x64.Build.0 = Debug|Any CPU
		{ECB7B803-2548-436C-AE2D-61EB20EE8521}.Debug|x86.ActiveCfg = Debug|Any CPU
		{ECB7B803-2548-436C-AE2D-61EB20EE8521}.Debug|x86.Build.0 = Debug|Any CPU
		{ECB7B803-2548-436C-AE2D-61EB20EE8521}.Release|Any CPU.ActiveCfg = Release|Any CPU
		{ECB7B803-2548-436C-AE2D-61EB20EE8521}.Release|Any CPU.Build.0 = Release|Any CPU
		{ECB7B803-2548-436C-AE2D-61EB20EE8521}.Release|x64.ActiveCfg = Release|Any CPU
		{ECB7B803-2548-436C-AE2D-61EB20EE8521}.Release|x64.Build.0 = Release|Any CPU
		{ECB7B803-2548-436C-AE2D-61EB20EE8521}.Release|x86.ActiveCfg = Release|Any CPU
		{ECB7B803-2548-436C-AE2D-61EB20EE8521}.Release|x86.Build.0 = Release|Any CPU
		{1C632848-08B3-482A-9DFC-5267D394D44F}.Debug|Any CPU.ActiveCfg = Debug|Any CPU
		{1C632848-08B3-482A-9DFC-5267D394D44F}.Debug|Any CPU.Build.0 = Debug|Any CPU
		{1C632848-08B3-482A-9DFC-5267D394D44F}.Debug|x64.ActiveCfg = Debug|Any CPU
		{1C632848-08B3-482A-9DFC-5267D394D44F}.Debug|x64.Build.0 = Debug|Any CPU
		{1C632848-08B3-482A-9DFC-5267D394D44F}.Debug|x86.ActiveCfg = Debug|Any CPU
		{1C632848-08B3-482A-9DFC-5267D394D44F}.Debug|x86.Build.0 = Debug|Any CPU
		{1C632848-08B3-482A-9DFC-5267D394D44F}.Release|Any CPU.ActiveCfg = Release|Any CPU
		{1C632848-08B3-482A-9DFC-5267D394D44F}.Release|Any CPU.Build.0 = Release|Any CPU
		{1C632848-08B3-482A-9DFC-5267D394D44F}.Release|x64.ActiveCfg = Release|Any CPU
		{1C632848-08B3-482A-9DFC-5267D394D44F}.Release|x64.Build.0 = Release|Any CPU
		{1C632848-08B3-482A-9DFC-5267D394D44F}.Release|x86.ActiveCfg = Release|Any CPU
		{1C632848-08B3-482A-9DFC-5267D394D44F}.Release|x86.Build.0 = Release|Any CPU
		{252656B8-6B4C-439A-892B-E698810C53E5}.Debug|Any CPU.ActiveCfg = Debug|Any CPU
		{252656B8-6B4C-439A-892B-E698810C53E5}.Debug|Any CPU.Build.0 = Debug|Any CPU
		{252656B8-6B4C-439A-892B-E698810C53E5}.Debug|x64.ActiveCfg = Debug|Any CPU
		{252656B8-6B4C-439A-892B-E698810C53E5}.Debug|x64.Build.0 = Debug|Any CPU
		{252656B8-6B4C-439A-892B-E698810C53E5}.Debug|x86.ActiveCfg = Debug|Any CPU
		{252656B8-6B4C-439A-892B-E698810C53E5}.Debug|x86.Build.0 = Debug|Any CPU
		{252656B8-6B4C-439A-892B-E698810C53E5}.Release|Any CPU.ActiveCfg = Release|Any CPU
		{252656B8-6B4C-439A-892B-E698810C53E5}.Release|Any CPU.Build.0 = Release|Any CPU
		{252656B8-6B4C-439A-892B-E698810C53E5}.Release|x64.ActiveCfg = Release|Any CPU
		{252656B8-6B4C-439A-892B-E698810C53E5}.Release|x64.Build.0 = Release|Any CPU
		{252656B8-6B4C-439A-892B-E698810C53E5}.Release|x86.ActiveCfg = Release|Any CPU
		{252656B8-6B4C-439A-892B-E698810C53E5}.Release|x86.Build.0 = Release|Any CPU
		{5920B479-9D7A-4712-A7D3-9EFF7FFB47D1}.Debug|Any CPU.ActiveCfg = Debug|Any CPU
		{5920B479-9D7A-4712-A7D3-9EFF7FFB47D1}.Debug|Any CPU.Build.0 = Debug|Any CPU
		{5920B479-9D7A-4712-A7D3-9EFF7FFB47D1}.Debug|x64.ActiveCfg = Debug|Any CPU
		{5920B479-9D7A-4712-A7D3-9EFF7FFB47D1}.Debug|x64.Build.0 = Debug|Any CPU
		{5920B479-9D7A-4712-A7D3-9EFF7FFB47D1}.Debug|x86.ActiveCfg = Debug|Any CPU
		{5920B479-9D7A-4712-A7D3-9EFF7FFB47D1}.Debug|x86.Build.0 = Debug|Any CPU
		{5920B479-9D7A-4712-A7D3-9EFF7FFB47D1}.Release|Any CPU.ActiveCfg = Release|Any CPU
		{5920B479-9D7A-4712-A7D3-9EFF7FFB47D1}.Release|Any CPU.Build.0 = Release|Any CPU
		{5920B479-9D7A-4712-A7D3-9EFF7FFB47D1}.Release|x64.ActiveCfg = Release|Any CPU
		{5920B479-9D7A-4712-A7D3-9EFF7FFB47D1}.Release|x64.Build.0 = Release|Any CPU
		{5920B479-9D7A-4712-A7D3-9EFF7FFB47D1}.Release|x86.ActiveCfg = Release|Any CPU
		{5920B479-9D7A-4712-A7D3-9EFF7FFB47D1}.Release|x86.Build.0 = Release|Any CPU
		{77AF3485-0915-4E1D-9EAE-E4926EBED890}.Debug|Any CPU.ActiveCfg = Debug|Any CPU
		{77AF3485-0915-4E1D-9EAE-E4926EBED890}.Debug|Any CPU.Build.0 = Debug|Any CPU
		{77AF3485-0915-4E1D-9EAE-E4926EBED890}.Debug|x64.ActiveCfg = Debug|Any CPU
		{77AF3485-0915-4E1D-9EAE-E4926EBED890}.Debug|x64.Build.0 = Debug|Any CPU
		{77AF3485-0915-4E1D-9EAE-E4926EBED890}.Debug|x86.ActiveCfg = Debug|Any CPU
		{77AF3485-0915-4E1D-9EAE-E4926EBED890}.Debug|x86.Build.0 = Debug|Any CPU
		{77AF3485-0915-4E1D-9EAE-E4926EBED890}.Release|Any CPU.ActiveCfg = Release|Any CPU
		{77AF3485-0915-4E1D-9EAE-E4926EBED890}.Release|Any CPU.Build.0 = Release|Any CPU
		{77AF3485-0915-4E1D-9EAE-E4926EBED890}.Release|x64.ActiveCfg = Release|Any CPU
		{77AF3485-0915-4E1D-9EAE-E4926EBED890}.Release|x64.Build.0 = Release|Any CPU
		{77AF3485-0915-4E1D-9EAE-E4926EBED890}.Release|x86.ActiveCfg = Release|Any CPU
		{77AF3485-0915-4E1D-9EAE-E4926EBED890}.Release|x86.Build.0 = Release|Any CPU
		{C65BE4AF-9B8F-4CD8-AD7F-1189AE6CAFA4}.Debug|Any CPU.ActiveCfg = Debug|Any CPU
		{C65BE4AF-9B8F-4CD8-AD7F-1189AE6CAFA4}.Debug|Any CPU.Build.0 = Debug|Any CPU
		{C65BE4AF-9B8F-4CD8-AD7F-1189AE6CAFA4}.Debug|x64.ActiveCfg = Debug|Any CPU
		{C65BE4AF-9B8F-4CD8-AD7F-1189AE6CAFA4}.Debug|x64.Build.0 = Debug|Any CPU
		{C65BE4AF-9B8F-4CD8-AD7F-1189AE6CAFA4}.Debug|x86.ActiveCfg = Debug|Any CPU
		{C65BE4AF-9B8F-4CD8-AD7F-1189AE6CAFA4}.Debug|x86.Build.0 = Debug|Any CPU
		{C65BE4AF-9B8F-4CD8-AD7F-1189AE6CAFA4}.Release|Any CPU.ActiveCfg = Release|Any CPU
		{C65BE4AF-9B8F-4CD8-AD7F-1189AE6CAFA4}.Release|Any CPU.Build.0 = Release|Any CPU
		{C65BE4AF-9B8F-4CD8-AD7F-1189AE6CAFA4}.Release|x64.ActiveCfg = Release|Any CPU
		{C65BE4AF-9B8F-4CD8-AD7F-1189AE6CAFA4}.Release|x64.Build.0 = Release|Any CPU
		{C65BE4AF-9B8F-4CD8-AD7F-1189AE6CAFA4}.Release|x86.ActiveCfg = Release|Any CPU
		{C65BE4AF-9B8F-4CD8-AD7F-1189AE6CAFA4}.Release|x86.Build.0 = Release|Any CPU
		{5121AD74-6401-4393-A8DF-BA37686D5842}.Debug|Any CPU.ActiveCfg = Debug|Any CPU
		{5121AD74-6401-4393-A8DF-BA37686D5842}.Debug|Any CPU.Build.0 = Debug|Any CPU
		{5121AD74-6401-4393-A8DF-BA37686D5842}.Debug|x64.ActiveCfg = Debug|Any CPU
		{5121AD74-6401-4393-A8DF-BA37686D5842}.Debug|x64.Build.0 = Debug|Any CPU
		{5121AD74-6401-4393-A8DF-BA37686D5842}.Debug|x86.ActiveCfg = Debug|Any CPU
		{5121AD74-6401-4393-A8DF-BA37686D5842}.Debug|x86.Build.0 = Debug|Any CPU
		{5121AD74-6401-4393-A8DF-BA37686D5842}.Release|Any CPU.ActiveCfg = Release|Any CPU
		{5121AD74-6401-4393-A8DF-BA37686D5842}.Release|Any CPU.Build.0 = Release|Any CPU
		{5121AD74-6401-4393-A8DF-BA37686D5842}.Release|x64.ActiveCfg = Release|Any CPU
		{5121AD74-6401-4393-A8DF-BA37686D5842}.Release|x64.Build.0 = Release|Any CPU
		{5121AD74-6401-4393-A8DF-BA37686D5842}.Release|x86.ActiveCfg = Release|Any CPU
		{5121AD74-6401-4393-A8DF-BA37686D5842}.Release|x86.Build.0 = Release|Any CPU
		{8AF05ED2-90C6-4E45-8E90-130B11D4A8B9}.Debug|Any CPU.ActiveCfg = Debug|Any CPU
		{8AF05ED2-90C6-4E45-8E90-130B11D4A8B9}.Debug|Any CPU.Build.0 = Debug|Any CPU
		{8AF05ED2-90C6-4E45-8E90-130B11D4A8B9}.Debug|x64.ActiveCfg = Debug|Any CPU
		{8AF05ED2-90C6-4E45-8E90-130B11D4A8B9}.Debug|x64.Build.0 = Debug|Any CPU
		{8AF05ED2-90C6-4E45-8E90-130B11D4A8B9}.Debug|x86.ActiveCfg = Debug|Any CPU
		{8AF05ED2-90C6-4E45-8E90-130B11D4A8B9}.Debug|x86.Build.0 = Debug|Any CPU
		{8AF05ED2-90C6-4E45-8E90-130B11D4A8B9}.Release|Any CPU.ActiveCfg = Release|Any CPU
		{8AF05ED2-90C6-4E45-8E90-130B11D4A8B9}.Release|Any CPU.Build.0 = Release|Any CPU
		{8AF05ED2-90C6-4E45-8E90-130B11D4A8B9}.Release|x64.ActiveCfg = Release|Any CPU
		{8AF05ED2-90C6-4E45-8E90-130B11D4A8B9}.Release|x64.Build.0 = Release|Any CPU
		{8AF05ED2-90C6-4E45-8E90-130B11D4A8B9}.Release|x86.ActiveCfg = Release|Any CPU
		{8AF05ED2-90C6-4E45-8E90-130B11D4A8B9}.Release|x86.Build.0 = Release|Any CPU
		{A5CC440C-113C-4A8B-8EBD-293379E2BF39}.Debug|Any CPU.ActiveCfg = Debug|Any CPU
		{A5CC440C-113C-4A8B-8EBD-293379E2BF39}.Debug|Any CPU.Build.0 = Debug|Any CPU
		{A5CC440C-113C-4A8B-8EBD-293379E2BF39}.Debug|x64.ActiveCfg = Debug|Any CPU
		{A5CC440C-113C-4A8B-8EBD-293379E2BF39}.Debug|x64.Build.0 = Debug|Any CPU
		{A5CC440C-113C-4A8B-8EBD-293379E2BF39}.Debug|x86.ActiveCfg = Debug|Any CPU
		{A5CC440C-113C-4A8B-8EBD-293379E2BF39}.Debug|x86.Build.0 = Debug|Any CPU
		{A5CC440C-113C-4A8B-8EBD-293379E2BF39}.Release|Any CPU.ActiveCfg = Release|Any CPU
		{A5CC440C-113C-4A8B-8EBD-293379E2BF39}.Release|Any CPU.Build.0 = Release|Any CPU
		{A5CC440C-113C-4A8B-8EBD-293379E2BF39}.Release|x64.ActiveCfg = Release|Any CPU
		{A5CC440C-113C-4A8B-8EBD-293379E2BF39}.Release|x64.Build.0 = Release|Any CPU
		{A5CC440C-113C-4A8B-8EBD-293379E2BF39}.Release|x86.ActiveCfg = Release|Any CPU
		{A5CC440C-113C-4A8B-8EBD-293379E2BF39}.Release|x86.Build.0 = Release|Any CPU
		{7AF69806-0E69-4B78-BE84-859EB0E5D18E}.Debug|Any CPU.ActiveCfg = Debug|Any CPU
		{7AF69806-0E69-4B78-BE84-859EB0E5D18E}.Debug|Any CPU.Build.0 = Debug|Any CPU
		{7AF69806-0E69-4B78-BE84-859EB0E5D18E}.Debug|x64.ActiveCfg = Debug|Any CPU
		{7AF69806-0E69-4B78-BE84-859EB0E5D18E}.Debug|x64.Build.0 = Debug|Any CPU
		{7AF69806-0E69-4B78-BE84-859EB0E5D18E}.Debug|x86.ActiveCfg = Debug|Any CPU
		{7AF69806-0E69-4B78-BE84-859EB0E5D18E}.Debug|x86.Build.0 = Debug|Any CPU
		{7AF69806-0E69-4B78-BE84-859EB0E5D18E}.Release|Any CPU.ActiveCfg = Release|Any CPU
		{7AF69806-0E69-4B78-BE84-859EB0E5D18E}.Release|Any CPU.Build.0 = Release|Any CPU
		{7AF69806-0E69-4B78-BE84-859EB0E5D18E}.Release|x64.ActiveCfg = Release|Any CPU
		{7AF69806-0E69-4B78-BE84-859EB0E5D18E}.Release|x64.Build.0 = Release|Any CPU
		{7AF69806-0E69-4B78-BE84-859EB0E5D18E}.Release|x86.ActiveCfg = Release|Any CPU
		{7AF69806-0E69-4B78-BE84-859EB0E5D18E}.Release|x86.Build.0 = Release|Any CPU
	EndGlobalSection
	GlobalSection(SolutionProperties) = preSolution
		HideSolutionNode = FALSE
	EndGlobalSection
	GlobalSection(NestedProjects) = preSolution
		{EC447DCF-ABFA-6E24-52A5-D7FD48A5C558} = {827E0CD3-B72D-47B6-A68D-7590B98EB39B}
		{C55E8E18-FAB6-48D1-870F-B1694F17AFF8} = {EC447DCF-ABFA-6E24-52A5-D7FD48A5C558}
		{ECB7B803-2548-436C-AE2D-61EB20EE8521} = {827E0CD3-B72D-47B6-A68D-7590B98EB39B}
		{1C632848-08B3-482A-9DFC-5267D394D44F} = {EC447DCF-ABFA-6E24-52A5-D7FD48A5C558}
		{252656B8-6B4C-439A-892B-E698810C53E5} = {EC447DCF-ABFA-6E24-52A5-D7FD48A5C558}
		{5920B479-9D7A-4712-A7D3-9EFF7FFB47D1} = {EC447DCF-ABFA-6E24-52A5-D7FD48A5C558}
		{77AF3485-0915-4E1D-9EAE-E4926EBED890} = {EC447DCF-ABFA-6E24-52A5-D7FD48A5C558}
		{C65BE4AF-9B8F-4CD8-AD7F-1189AE6CAFA4} = {827E0CD3-B72D-47B6-A68D-7590B98EB39B}
		{5121AD74-6401-4393-A8DF-BA37686D5842} = {0AB3BF05-4346-4AA6-1389-037BE0695223}
		{8AF05ED2-90C6-4E45-8E90-130B11D4A8B9} = {0AB3BF05-4346-4AA6-1389-037BE0695223}
		{A5CC440C-113C-4A8B-8EBD-293379E2BF39} = {0AB3BF05-4346-4AA6-1389-037BE0695223}
		{7AF69806-0E69-4B78-BE84-859EB0E5D18E} = {0AB3BF05-4346-4AA6-1389-037BE0695223}
	EndGlobalSection
EndGlobal
